
Microsoft Visual Studio Solution File, Format Version 12.00
# Visual Studio Version 16
VisualStudioVersion = 16.0.29905.134
MinimumVisualStudioVersion = 10.0.40219.1
Project("{9A19103F-16F7-4668-BE54-9A1E7A4F7556}") = "VisualAcademy", "VisualAcademy\VisualAcademy.csproj", "{72CA2D24-1868-4D75-BFCE-FBDC65282784}"
EndProject
Project("{9A19103F-16F7-4668-BE54-9A1E7A4F7556}") = "VisualAcademy.Admin", "VisualAcademy.Admin\VisualAcademy.Admin.csproj", "{5A479681-3BD0-4E51-8E49-ECE0A9943106}"
EndProject
Project("{00D1A9C2-B5F0-4AF3-8072-F6C62B433612}") = "VisualAcademy.SqlServer", "VisualAcademy.SqlServer\VisualAcademy.SqlServer.sqlproj", "{4DF591DB-5138-4CAB-88EF-5A3DD3DEB2B2}"
EndProject
Project("{9A19103F-16F7-4668-BE54-9A1E7A4F7556}") = "VisualAcademy.Models", "VisualAcademy.Models\VisualAcademy.Models.csproj", "{BB988D43-44D2-43BC-9784-A75FEE2755F2}"
EndProject
Project("{9A19103F-16F7-4668-BE54-9A1E7A4F7556}") = "VisualAcademy.Models.Tests", "VisualAcademy.Models.Tests\VisualAcademy.Models.Tests.csproj", "{3C1E74F5-2350-4433-A700-396B34B5C7C7}"
EndProject
Project("{9A19103F-16F7-4668-BE54-9A1E7A4F7556}") = "VisualAcademy.Apis", "VisualAcademy.Apis\VisualAcademy.Apis.csproj", "{20DCAB1F-28E0-4FB2-A45B-03E6AD80EF85}"
EndProject
Project("{9A19103F-16F7-4668-BE54-9A1E7A4F7556}") = "VisualAcademy.SingleSignOn", "VisualAcademy.SingleSignOn\VisualAcademy.SingleSignOn.csproj", "{2F1CDCF4-FD96-41CE-B970-89A6193E3766}"
EndProject
Project("{9A19103F-16F7-4668-BE54-9A1E7A4F7556}") = "VideoAppCore", "VideoAppCore\VideoAppCore.csproj", "{7C1A825E-7B5C-42FD-8994-9FF9AF25862E}"
EndProject
Global
	GlobalSection(SolutionConfigurationPlatforms) = preSolution
		Debug|Any CPU = Debug|Any CPU
		Release|Any CPU = Release|Any CPU
	EndGlobalSection
	GlobalSection(ProjectConfigurationPlatforms) = postSolution
		{72CA2D24-1868-4D75-BFCE-FBDC65282784}.Debug|Any CPU.ActiveCfg = Debug|Any CPU
		{72CA2D24-1868-4D75-BFCE-FBDC65282784}.Debug|Any CPU.Build.0 = Debug|Any CPU
		{72CA2D24-1868-4D75-BFCE-FBDC65282784}.Release|Any CPU.ActiveCfg = Release|Any CPU
		{72CA2D24-1868-4D75-BFCE-FBDC65282784}.Release|Any CPU.Build.0 = Release|Any CPU
		{5A479681-3BD0-4E51-8E49-ECE0A9943106}.Debug|Any CPU.ActiveCfg = Debug|Any CPU
		{5A479681-3BD0-4E51-8E49-ECE0A9943106}.Debug|Any CPU.Build.0 = Debug|Any CPU
		{5A479681-3BD0-4E51-8E49-ECE0A9943106}.Release|Any CPU.ActiveCfg = Release|Any CPU
		{5A479681-3BD0-4E51-8E49-ECE0A9943106}.Release|Any CPU.Build.0 = Release|Any CPU
		{4DF591DB-5138-4CAB-88EF-5A3DD3DEB2B2}.Debug|Any CPU.ActiveCfg = Debug|Any CPU
		{4DF591DB-5138-4CAB-88EF-5A3DD3DEB2B2}.Debug|Any CPU.Build.0 = Debug|Any CPU
		{4DF591DB-5138-4CAB-88EF-5A3DD3DEB2B2}.Debug|Any CPU.Deploy.0 = Debug|Any CPU
		{4DF591DB-5138-4CAB-88EF-5A3DD3DEB2B2}.Release|Any CPU.ActiveCfg = Release|Any CPU
		{4DF591DB-5138-4CAB-88EF-5A3DD3DEB2B2}.Release|Any CPU.Build.0 = Release|Any CPU
		{4DF591DB-5138-4CAB-88EF-5A3DD3DEB2B2}.Release|Any CPU.Deploy.0 = Release|Any CPU
		{BB988D43-44D2-43BC-9784-A75FEE2755F2}.Debug|Any CPU.ActiveCfg = Debug|Any CPU
		{BB988D43-44D2-43BC-9784-A75FEE2755F2}.Debug|Any CPU.Build.0 = Debug|Any CPU
		{BB988D43-44D2-43BC-9784-A75FEE2755F2}.Release|Any CPU.ActiveCfg = Release|Any CPU
		{BB988D43-44D2-43BC-9784-A75FEE2755F2}.Release|Any CPU.Build.0 = Release|Any CPU
		{3C1E74F5-2350-4433-A700-396B34B5C7C7}.Debug|Any CPU.ActiveCfg = Debug|Any CPU
		{3C1E74F5-2350-4433-A700-396B34B5C7C7}.Debug|Any CPU.Build.0 = Debug|Any CPU
		{3C1E74F5-2350-4433-A700-396B34B5C7C7}.Release|Any CPU.ActiveCfg = Release|Any CPU
		{3C1E74F5-2350-4433-A700-396B34B5C7C7}.Release|Any CPU.Build.0 = Release|Any CPU
		{20DCAB1F-28E0-4FB2-A45B-03E6AD80EF85}.Debug|Any CPU.ActiveCfg = Debug|Any CPU
		{20DCAB1F-28E0-4FB2-A45B-03E6AD80EF85}.Debug|Any CPU.Build.0 = Debug|Any CPU
		{20DCAB1F-28E0-4FB2-A45B-03E6AD80EF85}.Release|Any CPU.ActiveCfg = Release|Any CPU
		{20DCAB1F-28E0-4FB2-A45B-03E6AD80EF85}.Release|Any CPU.Build.0 = Release|Any CPU
		{2F1CDCF4-FD96-41CE-B970-89A6193E3766}.Debug|Any CPU.ActiveCfg = Debug|Any CPU
		{2F1CDCF4-FD96-41CE-B970-89A6193E3766}.Debug|Any CPU.Build.0 = Debug|Any CPU
		{2F1CDCF4-FD96-41CE-B970-89A6193E3766}.Release|Any CPU.ActiveCfg = Release|Any CPU
		{2F1CDCF4-FD96-41CE-B970-89A6193E3766}.Release|Any CPU.Build.0 = Release|Any CPU
		{7C1A825E-7B5C-42FD-8994-9FF9AF25862E}.Debug|Any CPU.ActiveCfg = Debug|Any CPU
		{7C1A825E-7B5C-42FD-8994-9FF9AF25862E}.Debug|Any CPU.Build.0 = Debug|Any CPU
		{7C1A825E-7B5C-42FD-8994-9FF9AF25862E}.Release|Any CPU.ActiveCfg = Release|Any CPU
		{7C1A825E-7B5C-42FD-8994-9FF9AF25862E}.Release|Any CPU.Build.0 = Release|Any CPU
	EndGlobalSection
	GlobalSection(SolutionProperties) = preSolution
		HideSolutionNode = FALSE
	EndGlobalSection
	GlobalSection(ExtensibilityGlobals) = postSolution
		SolutionGuid = {74A6E7F3-DEFF-43B9-BB96-AF3C0D378FE7}
	EndGlobalSection
EndGlobal
