
Microsoft Visual Studio Solution File, Format Version 12.00
# Visual Studio Version 16
VisualStudioVersion = 16.0.29905.134
MinimumVisualStudioVersion = 10.0.40219.1
Project("{9A19103F-16F7-4668-BE54-9A1E7A4F7556}") = "VisualAcademy", "VisualAcademy\VisualAcademy.csproj", "{72CA2D24-1868-4D75-BFCE-FBDC65282784}"
EndProject
Project("{9A19103F-16F7-4668-BE54-9A1E7A4F7556}") = "VisualAcademy.Admin", "VisualAcademy.Admin\VisualAcademy.Admin.csproj", "{5A479681-3BD0-4E51-8E49-ECE0A9943106}"
EndProject
Global
	GlobalSection(SolutionConfigurationPlatforms) = preSolution
		Debug|Any CPU = Debug|Any CPU
		Release|Any CPU = Release|Any CPU
	EndGlobalSection
	GlobalSection(ProjectConfigurationPlatforms) = postSolution
		{72CA2D24-1868-4D75-BFCE-FBDC65282784}.Debug|Any CPU.ActiveCfg = Debug|Any CPU
		{72CA2D24-1868-4D75-BFCE-FBDC65282784}.Debug|Any CPU.Build.0 = Debug|Any CPU
		{72CA2D24-1868-4D75-BFCE-FBDC65282784}.Release|Any CPU.ActiveCfg = Release|Any CPU
		{72CA2D24-1868-4D75-BFCE-FBDC65282784}.Release|Any CPU.Build.0 = Release|Any CPU
		{5A479681-3BD0-4E51-8E49-ECE0A9943106}.Debug|Any CPU.ActiveCfg = Debug|Any CPU
		{5A479681-3BD0-4E51-8E49-ECE0A9943106}.Debug|Any CPU.Build.0 = Debug|Any CPU
		{5A479681-3BD0-4E51-8E49-ECE0A9943106}.Release|Any CPU.ActiveCfg = Release|Any CPU
		{5A479681-3BD0-4E51-8E49-ECE0A9943106}.Release|Any CPU.Build.0 = Release|Any CPU
	EndGlobalSection
	GlobalSection(SolutionProperties) = preSolution
		HideSolutionNode = FALSE
	EndGlobalSection
	GlobalSection(ExtensibilityGlobals) = postSolution
		SolutionGuid = {74A6E7F3-DEFF-43B9-BB96-AF3C0D378FE7}
	EndGlobalSection
EndGlobal
